# @generated - this file is auto-generated by `mise lock` https://mise.jdx.dev/dev-tools/mise-lock.html

lockfile_version = 2

[[tools.ast-grep]]
version = "0.45.3"
backend = "aqua:ast-grep/ast-grep"
specifiers = ["latest"]

[tools.ast-grep."platforms.linux-x64"]
checksum = "sha256:f8ac830881339d1edee6b2652f54798c0f4da5a827f2db38a08ee31117783ce8"
url = "https://github.com/ast-grep/ast-grep/releases/download/0.45.3/app-x86_64-unknown-linux-gnu.zip"
url_api = "https://api.github.com/repos/ast-grep/ast-grep/releases/assets/537332692"

[tools.ast-grep."platforms.macos-arm64"]
checksum = "sha256:6d2279dea5bea2ad79c66ea93f5fe54ba926e398a8a26de76c56db68fe59eac6"
url = "https://github.com/ast-grep/ast-grep/releases/download/0.45.3/app-aarch64-apple-darwin.zip"
url_api = "https://api.github.com/repos/ast-grep/ast-grep/releases/assets/537332514"

[[tools.basecamp]]
version = "0.11.0"
backend = "github:basecamp/basecamp-cli"
specifiers = ["latest"]

[tools.basecamp."platforms.linux-x64"]
checksum = "sha256:425ffab1251c4315c5f731f8367c3c8c37b54b6b1050eafdbe369e11e1a1ce51"
url = "https://github.com/basecamp/basecamp-cli/releases/download/v0.11.0/basecamp_0.11.0_linux_amd64.tar.gz"
url_api = "https://api.github.com/repos/basecamp/basecamp-cli/releases/assets/553760554"
provenance = "github-attestations"

[tools.basecamp."platforms.macos-arm64"]
checksum = "sha256:a766a80c8201fd73c7375b3b87d62913e51f447fd6658164b4fd2dac51f6e180"
url = "https://github.com/basecamp/basecamp-cli/releases/download/v0.11.0/basecamp_0.11.0_darwin_arm64.tar.gz"
url_api = "https://api.github.com/repos/basecamp/basecamp-cli/releases/assets/553760511"
provenance = "github-attestations"

[[tools.codex]]
version = "0.155.1"
backend = "aqua:openai/codex"
specifiers = ["latest"]

[tools.codex."platforms.linux-x64"]
checksum = "sha256:a65b895c6ac1a73629bbe4b864640c86133e94a43b4d67b3103044e1a306d5a2"
url = "https://github.com/openai/codex/releases/download/rust-v0.155.1/codex-package-x86_64-unknown-linux-musl.tar.gz"
url_api = "https://api.github.com/repos/openai/codex/releases/assets/573353456"

[tools.codex."platforms.macos-arm64"]
checksum = "sha256:e6e08717da9e35b72332eff753527fe79a9ae876081033c5c6820a8e5f58b943"
url = "https://github.com/openai/codex/releases/download/rust-v0.155.1/codex-package-aarch64-apple-darwin.tar.gz"
url_api = "https://api.github.com/repos/openai/codex/releases/assets/573353582"

[[tools.gh]]
version = "2.101.0"
backend = "aqua:cli/cli"
specifiers = ["latest"]

[tools.gh."platforms.linux-x64"]
checksum = "sha256:9bca2d1c16825f109907a23307628a2f0698fbf99662b73a5cf0b020293072b8"
url = "https://github.com/cli/cli/releases/download/v2.101.0/gh_2.101.0_linux_amd64.tar.gz"
url_api = "https://api.github.com/repos/cli/cli/releases/assets/565857134"
provenance = "github-attestations"

[tools.gh."platforms.macos-arm64"]
checksum = "sha256:e4303e39d8f07141c4bad4b99b01079f05029c59b27076e8fbc825c985ecdd8b"
url = "https://github.com/cli/cli/releases/download/v2.101.0/gh_2.101.0_macOS_arm64.zip"
url_api = "https://api.github.com/repos/cli/cli/releases/assets/565857200"
provenance = "github-attestations"

[[tools."github:basecamp/hey-cli"]]
version = "1.6.0"
backend = "github:basecamp/hey-cli"
specifiers = ["latest"]

[tools."github:basecamp/hey-cli"."platforms.linux-x64"]
checksum = "sha256:21a201ddbd20c59cd06fa962be9bfc3c9a21301a0826b3d7bc033b2a8bf718d7"
url = "https://github.com/basecamp/hey-cli/releases/download/v1.6.0/hey_1.6.0_linux_amd64.tar.gz"
url_api = "https://api.github.com/repos/basecamp/hey-cli/releases/assets/573730763"
provenance = "github-attestations"

[tools."github:basecamp/hey-cli"."platforms.macos-arm64"]
checksum = "sha256:a3e4f55dda24b92b9d4aedf372bff0f4b6c6f7efd3ea86621894198af1cdd6b1"
url = "https://github.com/basecamp/hey-cli/releases/download/v1.6.0/hey_1.6.0_darwin_arm64.tar.gz"
url_api = "https://api.github.com/repos/basecamp/hey-cli/releases/assets/573730797"
provenance = "github-attestations"

[[tools.go]]
version = "1.27.1"
backend = "core:go"
specifiers = ["1.27"]

[tools.go."platforms.linux-x64"]
checksum = "sha256:63d339f0da5ab53635a56f2490a7984dfe12dfcff22ad749f63edaf590168445"
url = "https://dl.google.com/go/go1.27.1.linux-amd64.tar.gz"

[tools.go."platforms.macos-arm64"]
checksum = "sha256:ee215d57e0ec269c60cc9ceca68e6bda321ba9ee5afe24f4b0988703c2d87d12"
url = "https://dl.google.com/go/go1.27.1.darwin-arm64.tar.gz"

[[tools.herdr]]
version = "0.9.1"
backend = "aqua:herdrdev/herdr"
specifiers = ["0.9.1"]

[tools.herdr."platforms.linux-x64"]
checksum = "sha256:2a02fed16beb651ef006e1d43f048f652ca4dc58ad053cd2d44450563d5c54b7"
url = "https://github.com/herdrdev/herdr/releases/download/v0.9.1/herdr-linux-x86_64"
url_api = "https://api.github.com/repos/herdrdev/herdr/releases/assets/568559679"

[tools.herdr."platforms.macos-arm64"]
checksum = "sha256:5fc7a7e7adfaca56fa80aa89dcb025693357268dab8285b9ce2d08a2313c89de"
url = "https://github.com/herdrdev/herdr/releases/download/v0.9.1/herdr-macos-aarch64"
url_api = "https://api.github.com/repos/herdrdev/herdr/releases/assets/568559677"

[[tools.just]]
version = "1.58.0"
backend = "aqua:casey/just"
specifiers = ["latest"]

[tools.just."platforms.linux-x64"]
checksum = "sha256:4a5cc2f53e6f0f8c59092a6cc38291eb729d46a7dd95d3ae582008881b84931d"
url = "https://github.com/casey/just/releases/download/1.58.0/just-1.58.0-x86_64-unknown-linux-musl.tar.gz"
url_api = "https://api.github.com/repos/casey/just/releases/assets/500509978"

[tools.just."platforms.macos-arm64"]
checksum = "sha256:50ae3e996c974a0bf32ea7d10f495070df33f1b43e0616b2769e3d4821ed8f48"
url = "https://github.com/casey/just/releases/download/1.58.0/just-1.58.0-aarch64-apple-darwin.tar.gz"
url_api = "https://api.github.com/repos/casey/just/releases/assets/500509965"

[[tools.neovim]]
version = "0.12.5"
backend = "vfox:mise-plugins/vfox-neovim"
specifiers = ["latest"]

[tools.neovim."platforms.linux-x64"]
url = "https://github.com/neovim/neovim/releases/download/v0.12.5/nvim-linux-x86_64.tar.gz"

[tools.neovim."platforms.macos-arm64"]
url = "https://github.com/neovim/neovim/releases/download/v0.12.5/nvim-macos-arm64.tar.gz"

[[tools.node]]
version = "26.9.0"
backend = "core:node"
specifiers = ["26"]

[tools.node."platforms.linux-x64"]
checksum = "sha256:03d9104fc4f19652e74480fed11c023d75981464b7292f21a601c3f95ce7d90d"
url = "https://nodejs.org/dist/v26.9.0/node-v26.9.0-linux-x64.tar.gz"

[tools.node."platforms.macos-arm64"]
checksum = "sha256:6f3de7ed853ee283b4bf24b6e426618f1d357401ce5815db1866eb85eb4b05d9"
url = "https://nodejs.org/dist/v26.9.0/node-v26.9.0-darwin-arm64.tar.gz"

[[tools.pnpm]]
version = "12.5.1"
backend = "aqua:pnpm/pnpm"
specifiers = ["12"]

[tools.pnpm."platforms.linux-x64"]
checksum = "sha256:5a397dfb6b3d4b07d3d7769586aeb471048faf04299a492e2808b95a9a1c701f"
url = "https://github.com/pnpm/pnpm/releases/download/v12.5.1/pnpm-linux-x64.tar.gz"
url_api = "https://api.github.com/repos/pnpm/pnpm/releases/assets/573486211"
provenance = "github-attestations"

[tools.pnpm."platforms.macos-arm64"]
checksum = "sha256:776b26182ea825d5846dc236d29773cf4b7568b7f0abe145c328a342284c8b75"
url = "https://github.com/pnpm/pnpm/releases/download/v12.5.1/pnpm-darwin-arm64.tar.gz"
url_api = "https://api.github.com/repos/pnpm/pnpm/releases/assets/573486213"
provenance = "github-attestations"

[[tools."pypi:httpie"]]
version = "3.2.4"
backend = "pypi:httpie"
specifiers = ["latest"]
uv = { path = ".mise/locks/pypi-httpie/3.2.4", digest = "sha256:8d814df4ab8b27d248d4e697f9a0aede7b45618e173eff11474bb394798fac2f" }

[[tools.python]]
version = "3.14.7"
backend = "core:python"
specifiers = ["3.14"]

[tools.python."platforms.linux-x64"]
checksum = "sha256:3959f92825141e04adf44982d3a83ee57af0877e893b0796e04c1468749d9b04"
url = "https://github.com/astral-sh/python-build-standalone/releases/download/20260901/cpython-3.14.7+20260901-x86_64-unknown-linux-gnu-install_only_stripped.tar.gz"
provenance = "github-attestations"

[tools.python."platforms.macos-arm64"]
checksum = "sha256:4632cb1a6edad9e73d3c81b6d2e69131637d995173e3e85005df14102b0592ba"
url = "https://github.com/astral-sh/python-build-standalone/releases/download/20260901/cpython-3.14.7+20260901-aarch64-apple-darwin-install_only_stripped.tar.gz"
provenance = "github-attestations"

[[tools.rust]]
version = "1.98.1"
backend = "core:rust"
specifiers = ["latest"]

[[tools.stripe]]
version = "1.51.0"
backend = "aqua:stripe/stripe-cli"
specifiers = ["latest"]

[tools.stripe."platforms.linux-x64"]
checksum = "sha256:e49d94a6805d726aeec50353436c665d22aa3258b8ccf85c207968e5c99be52d"
url = "https://github.com/stripe/stripe-cli/releases/download/v1.51.0/stripe_1.51.0_linux_x86_64.tar.gz"
url_api = "https://api.github.com/repos/stripe/stripe-cli/releases/assets/571298896"

[tools.stripe."platforms.macos-arm64"]
checksum = "sha256:1c678a9a8e19b88a608878903a61caac6a9a513660772a1f6dc9a08c0f863ffb"
url = "https://github.com/stripe/stripe-cli/releases/download/v1.51.0/stripe_1.51.0_mac-os_arm64.tar.gz"
url_api = "https://api.github.com/repos/stripe/stripe-cli/releases/assets/571296990"

[[tools.typst]]
version = "0.15.1"
backend = "aqua:typst/typst"
specifiers = ["latest"]

[tools.typst."platforms.linux-x64"]
checksum = "sha256:a6d077d0a95eed5a2eba715b2dae06be954f624ccbf85758a03f389ded33118c"
url = "https://github.com/typst/typst/releases/download/v0.15.1/typst-x86_64-unknown-linux-musl.tar.xz"
url_api = "https://api.github.com/repos/typst/typst/releases/assets/480300761"

[tools.typst."platforms.macos-arm64"]
checksum = "sha256:48f62ed034aa3a7978309579ac6ca00045e2ef0da73114e8af27cfd8e74dc05a"
url = "https://github.com/typst/typst/releases/download/v0.15.1/typst-aarch64-apple-darwin.tar.xz"
url_api = "https://api.github.com/repos/typst/typst/releases/assets/480299147"

[[tools.uv]]
version = "0.12.17"
backend = "aqua:astral-sh/uv"
specifiers = ["latest"]

[tools.uv."platforms.linux-x64"]
checksum = "sha256:fa82fd8dde8e8eefdecada6aa0889666556cfceb690d06e0c3bca49eb3070a63"
url = "https://github.com/astral-sh/uv/releases/download/0.12.17/uv-x86_64-unknown-linux-gnu.tar.gz"
url_api = "https://api.github.com/repos/astral-sh/uv/releases/assets/573253080"
provenance = "github-attestations"

[tools.uv."platforms.macos-arm64"]
checksum = "sha256:85f00cbdc6dd3e97eba4c31b4d014375a9fdfe8f570023b84e5102fc3456896b"
url = "https://github.com/astral-sh/uv/releases/download/0.12.17/uv-aarch64-apple-darwin.tar.gz"
url_api = "https://api.github.com/repos/astral-sh/uv/releases/assets/573252913"
provenance = "github-attestations"

[[tools.yt-dlp]]
version = "2026.08.19"
backend = "github:yt-dlp/yt-dlp"
specifiers = ["latest"]

[tools.yt-dlp."platforms.linux-x64"]
checksum = "sha256:32e72032766bef9199d99d15beb69fd52e46df8f8b06f0d8745db59e04d339e9"
url = "https://github.com/yt-dlp/yt-dlp/releases/download/2026.08.19/yt-dlp_linux.zip"
url_api = "https://api.github.com/repos/yt-dlp/yt-dlp/releases/assets/521488862"
provenance = "github-attestations"

[tools.yt-dlp."platforms.macos-arm64"]
checksum = "sha256:07e54b0865303c864006925913bce2604f8ee8cc6f18699bac9c309f9328a6d8"
url = "https://github.com/yt-dlp/yt-dlp/releases/download/2026.08.19/yt-dlp_macos.zip"
url_api = "https://api.github.com/repos/yt-dlp/yt-dlp/releases/assets/521488891"
provenance = "github-attestations"
